
Microsoft Visual Studio Solution File, Format Version 12.00
# Visual Studio Version 17
VisualStudioVersion = 17.5.33516.290
MinimumVisualStudioVersion = 10.0.40219.1
Project("{FAE04EC0-301F-11D3-BF4B-00C04F79EFBC}") = "LakeNiceName", "LakeNiceName\LakeNiceName.csproj", "{97BCBF1C-4872-4EDB-A909-E5B02A427A8E}"
EndProject
Global
	GlobalSection(SolutionConfigurationPlatforms) = preSolution
		Debug|Any CPU = Debug|Any CPU
		Release|Any CPU = Release|Any CPU
	EndGlobalSection
	GlobalSection(ProjectConfigurationPlatforms) = postSolution
		{97BCBF1C-4872-4EDB-A909-E5B02A427A8E}.Debug|Any CPU.ActiveCfg = Debug|Any CPU
		{97BCBF1C-4872-4EDB-A909-E5B02A427A8E}.Debug|Any CPU.Build.0 = Debug|Any CPU
		{97BCBF1C-4872-4EDB-A909-E5B02A427A8E}.Release|Any CPU.ActiveCfg = Release|Any CPU
		{97BCBF1C-4872-4EDB-A909-E5B02A427A8E}.Release|Any CPU.Build.0 = Release|Any CPU
	EndGlobalSection
	GlobalSection(SolutionProperties) = preSolution
		HideSolutionNode = FALSE
	EndGlobalSection
	GlobalSection(ExtensibilityGlobals) = postSolution
		SolutionGuid = {956FA107-9F7C-438E-97AD-D60ED13DF636}
	EndGlobalSection
EndGlobal
